// !$*UTF8*$!
{
	archiveVersion = 1;
	classes = {
	};
	objectVersion = 46;
	objects = {

/* Begin PBXBuildFile section */
		E87F538B184E3EF1002019DF /* Foundation.framework in Frameworks */ = {isa = PBXBuildFile; fileRef = E87F538A184E3EF1002019DF /* Foundation.framework */; };
		E87F538D184E3EF1002019DF /* CoreGraphics.framework in Frameworks */ = {isa = PBXBuildFile; fileRef = E87F538C184E3EF1002019DF /* CoreGraphics.framework */; };
		E87F538F184E3EF1002019DF /* UIKit.framework in Frameworks */ = {isa = PBXBuildFile; fileRef = E87F538E184E3EF1002019DF /* UIKit.framework */; };
		E87F5395184E3EF1002019DF /* InfoPlist.strings in Resources */ = {isa = PBXBuildFile; fileRef = E87F5393184E3EF1002019DF /* InfoPlist.strings */; };
		E87F5397184E3EF1002019DF /* main.m in Sources */ = {isa = PBXBuildFile; fileRef = E87F5396184E3EF1002019DF /* main.m */; };
		E87F539B184E3EF1002019DF /* AppDelegate.m in Sources */ = {isa = PBXBuildFile; fileRef = E87F539A184E3EF1002019DF /* AppDelegate.m */; };
		E87F539E184E3EF1002019DF /* Main.storyboard in Resources */ = {isa = PBXBuildFile; fileRef = E87F539C184E3EF1002019DF /* Main.storyboard */; };
		E87F53A1184E3EF1002019DF /* ViewController.m in Sources */ = {isa = PBXBuildFile; fileRef = E87F53A0184E3EF1002019DF /* ViewController.m */; };
		E87F53A3184E3EF1002019DF /* Images.xcassets in Resources */ = {isa = PBXBuildFile; fileRef = E87F53A2184E3EF1002019DF /* Images.xcassets */; };
		E87F53AA184E3EF2002019DF /* XCTest.framework in Frameworks */ = {isa = PBXBuildFile; fileRef = E87F53A9184E3EF2002019DF /* XCTest.framework */; };
		E87F53AB184E3EF2002019DF /* Foundation.framework in Frameworks */ = {isa = PBXBuildFile; fileRef = E87F538A184E3EF1002019DF /* Foundation.framework */; };
		E87F53AC184E3EF2002019DF /* UIKit.framework in Frameworks */ = {isa = PBXBuildFile; fileRef = E87F538E184E3EF1002019DF /* UIKit.framework */; };
		E87F53B4184E3EF2002019DF /* InfoPlist.strings in Resources */ = {isa = PBXBuildFile; fileRef = E87F53B2184E3EF2002019DF /* InfoPlist.strings */; };
		E87F53B6184E3EF2002019DF /* one_stroke_sketchTests.m in Sources */ = {isa = PBXBuildFile; fileRef = E87F53B5184E3EF2002019DF /* one_stroke_sketchTests.m */; };
		E87F53C7184E5AFE002019DF /* Line.m in Sources */ = {isa = PBXBuildFile; fileRef = E87F53C6184E5AFE002019DF /* Line.m */; };
		E87F53CA184F1BC4002019DF /* drawViewController.m in Sources */ = {isa = PBXBuildFile; fileRef = E87F53C9184F1BC4002019DF /* drawViewController.m */; };
		E87F53D0184F1C95002019DF /* question.m in Sources */ = {isa = PBXBuildFile; fileRef = E87F53CF184F1C95002019DF /* question.m */; };
		E87F53D3184F6402002019DF /* draw_question.m in Sources */ = {isa = PBXBuildFile; fileRef = E87F53D2184F6402002019DF /* draw_question.m */; };
/* End PBXBuildFile section */

/* Begin PBXContainerItemProxy section */
		E87F53AD184E3EF2002019DF /* PBXContainerItemProxy */ = {
			isa = PBXContainerItemProxy;
			containerPortal = E87F537F184E3EF1002019DF /* Project object */;
			proxyType = 1;
			remoteGlobalIDString = E87F5386184E3EF1002019DF;
			remoteInfo = "one-stroke_sketch";
		};
/* End PBXContainerItemProxy section */

/* Begin PBXFileReference section */
		E87F5387184E3EF1002019DF /* one-stroke_sketch.app */ = {isa = PBXFileReference; explicitFileType = wrapper.application; includeInIndex = 0; path = "one-stroke_sketch.app"; sourceTree = BUILT_PRODUCTS_DIR; };
		E87F538A184E3EF1002019DF /* Foundation.framework */ = {isa = PBXFileReference; lastKnownFileType = wrapper.framework; name = Foundation.framework; path = System/Library/Frameworks/Foundation.framework; sourceTree = SDKROOT; };
		E87F538C184E3EF1002019DF /* CoreGraphics.framework */ = {isa = PBXFileReference; lastKnownFileType = wrapper.framework; name = CoreGraphics.framework; path = System/Library/Frameworks/CoreGraphics.framework; sourceTree = SDKROOT; };
		E87F538E184E3EF1002019DF /* UIKit.framework */ = {isa = PBXFileReference; lastKnownFileType = wrapper.framework; name = UIKit.framework; path = System/Library/Frameworks/UIKit.framework; sourceTree = SDKROOT; };
		E87F5392184E3EF1002019DF /* one-stroke_sketch-Info.plist */ = {isa = PBXFileReference; lastKnownFileType = text.plist.xml; path = "one-stroke_sketch-Info.plist"; sourceTree = "<group>"; };
		E87F5394184E3EF1002019DF /* en */ = {isa = PBXFileReference; lastKnownFileType = text.plist.strings; name = en; path = en.lproj/InfoPlist.strings; sourceTree = "<group>"; };
		E87F5396184E3EF1002019DF /* main.m */ = {isa = PBXFileReference; lastKnownFileType = sourcecode.c.objc; path = main.m; sourceTree = "<group>"; };
		E87F5398184E3EF1002019DF /* one-stroke_sketch-Prefix.pch */ = {isa = PBXFileReference; lastKnownFileType = sourcecode.c.h; path = "one-stroke_sketch-Prefix.pch"; sourceTree = "<group>"; };
		E87F5399184E3EF1002019DF /* AppDelegate.h */ = {isa = PBXFileReference; lastKnownFileType = sourcecode.c.h; path = AppDelegate.h; sourceTree = "<group>"; };
		E87F539A184E3EF1002019DF /* AppDelegate.m */ = {isa = PBXFileReference; lastKnownFileType = sourcecode.c.objc; path = AppDelegate.m; sourceTree = "<group>"; };
		E87F539D184E3EF1002019DF /* Base */ = {isa = PBXFileReference; lastKnownFileType = file.storyboard; name = Base; path = Base.lproj/Main.storyboard; sourceTree = "<group>"; };
		E87F539F184E3EF1002019DF /* ViewController.h */ = {isa = PBXFileReference; lastKnownFileType = sourcecode.c.h; path = ViewController.h; sourceTree = "<group>"; };
		E87F53A0184E3EF1002019DF /* ViewController.m */ = {isa = PBXFileReference; lastKnownFileType = sourcecode.c.objc; path = ViewController.m; sourceTree = "<group>"; };
		E87F53A2184E3EF1002019DF /* Images.xcassets */ = {isa = PBXFileReference; lastKnownFileType = folder.assetcatalog; path = Images.xcassets; sourceTree = "<group>"; };
		E87F53A8184E3EF2002019DF /* one-stroke_sketchTests.xctest */ = {isa = PBXFileReference; explicitFileType = wrapper.cfbundle; includeInIndex = 0; path = "one-stroke_sketchTests.xctest"; sourceTree = BUILT_PRODUCTS_DIR; };
		E87F53A9184E3EF2002019DF /* XCTest.framework */ = {isa = PBXFileReference; lastKnownFileType = wrapper.framework; name = XCTest.framework; path = Library/Frameworks/XCTest.framework; sourceTree = DEVELOPER_DIR; };
		E87F53B1184E3EF2002019DF /* one-stroke_sketchTests-Info.plist */ = {isa = PBXFileReference; lastKnownFileType = text.plist.xml; path = "one-stroke_sketchTests-Info.plist"; sourceTree = "<group>"; };
		E87F53B3184E3EF2002019DF /* en */ = {isa = PBXFileReference; lastKnownFileType = text.plist.strings; name = en; path = en.lproj/InfoPlist.strings; sourceTree = "<group>"; };
		E87F53B5184E3EF2002019DF /* one_stroke_sketchTests.m */ = {isa = PBXFileReference; lastKnownFileType = sourcecode.c.objc; path = one_stroke_sketchTests.m; sourceTree = "<group>"; };
		E87F53C5184E5AFE002019DF /* Line.h */ = {isa = PBXFileReference; fileEncoding = 4; lastKnownFileType = sourcecode.c.h; path = Line.h; sourceTree = "<group>"; };
		E87F53C6184E5AFE002019DF /* Line.m */ = {isa = PBXFileReference; fileEncoding = 4; lastKnownFileType = sourcecode.c.objc; path = Line.m; sourceTree = "<group>"; };
		E87F53C8184F1BC4002019DF /* drawViewController.h */ = {isa = PBXFileReference; fileEncoding = 4; lastKnownFileType = sourcecode.c.h; path = drawViewController.h; sourceTree = "<group>"; };
		E87F53C9184F1BC4002019DF /* drawViewController.m */ = {isa = PBXFileReference; fileEncoding = 4; lastKnownFileType = sourcecode.c.objc; path = drawViewController.m; sourceTree = "<group>"; };
		E87F53CE184F1C95002019DF /* question.h */ = {isa = PBXFileReference; fileEncoding = 4; lastKnownFileType = sourcecode.c.h; path = question.h; sourceTree = "<group>"; };
		E87F53CF184F1C95002019DF /* question.m */ = {isa = PBXFileReference; fileEncoding = 4; lastKnownFileType = sourcecode.c.objc; path = question.m; sourceTree = "<group>"; };
		E87F53D1184F6402002019DF /* draw_question.h */ = {isa = PBXFileReference; fileEncoding = 4; lastKnownFileType = sourcecode.c.h; path = draw_question.h; sourceTree = "<group>"; };
		E87F53D2184F6402002019DF /* draw_question.m */ = {isa = PBXFileReference; fileEncoding = 4; lastKnownFileType = sourcecode.c.objc; path = draw_question.m; sourceTree = "<group>"; };
/* End PBXFileReference section */

/* Begin PBXFrameworksBuildPhase section */
		E87F5384184E3EF1002019DF /* Frameworks */ = {
			isa = PBXFrameworksBuildPhase;
			buildActionMask = 2147483647;
			files = (
				E87F538D184E3EF1002019DF /* CoreGraphics.framework in Frameworks */,
				E87F538F184E3EF1002019DF /* UIKit.framework in Frameworks */,
				E87F538B184E3EF1002019DF /* Foundation.framework in Frameworks */,
			);
			runOnlyForDeploymentPostprocessing = 0;
		};
		E87F53A5184E3EF2002019DF /* Frameworks */ = {
			isa = PBXFrameworksBuildPhase;
			buildActionMask = 2147483647;
			files = (
				E87F53AA184E3EF2002019DF /* XCTest.framework in Frameworks */,
				E87F53AC184E3EF2002019DF /* UIKit.framework in Frameworks */,
				E87F53AB184E3EF2002019DF /* Foundation.framework in Frameworks */,
			);
			runOnlyForDeploymentPostprocessing = 0;
		};
/* End PBXFrameworksBuildPhase section */

/* Begin PBXGroup section */
		E87F537E184E3EF1002019DF = {
			isa = PBXGroup;
			children = (
				E87F5390184E3EF1002019DF /* one-stroke_sketch */,
				E87F53AF184E3EF2002019DF /* one-stroke_sketchTests */,
				E87F5389184E3EF1002019DF /* Frameworks */,
				E87F5388184E3EF1002019DF /* Products */,
			);
			sourceTree = "<group>";
		};
		E87F5388184E3EF1002019DF /* Products */ = {
			isa = PBXGroup;
			children = (
				E87F5387184E3EF1002019DF /* one-stroke_sketch.app */,
				E87F53A8184E3EF2002019DF /* one-stroke_sketchTests.xctest */,
			);
			name = Products;
			sourceTree = "<group>";
		};
		E87F5389184E3EF1002019DF /* Frameworks */ = {
			isa = PBXGroup;
			children = (
				E87F538A184E3EF1002019DF /* Foundation.framework */,
				E87F538C184E3EF1002019DF /* CoreGraphics.framework */,
				E87F538E184E3EF1002019DF /* UIKit.framework */,
				E87F53A9184E3EF2002019DF /* XCTest.framework */,
			);
			name = Frameworks;
			sourceTree = "<group>";
		};
		E87F5390184E3EF1002019DF /* one-stroke_sketch */ = {
			isa = PBXGroup;
			children = (
				E87F5399184E3EF1002019DF /* AppDelegate.h */,
				E87F539A184E3EF1002019DF /* AppDelegate.m */,
				E87F539C184E3EF1002019DF /* Main.storyboard */,
				E87F53C5184E5AFE002019DF /* Line.h */,
				E87F53C6184E5AFE002019DF /* Line.m */,
				E87F53C8184F1BC4002019DF /* drawViewController.h */,
				E87F53C9184F1BC4002019DF /* drawViewController.m */,
				E87F53CE184F1C95002019DF /* question.h */,
				E87F53CF184F1C95002019DF /* question.m */,
				E87F53D1184F6402002019DF /* draw_question.h */,
				E87F53D2184F6402002019DF /* draw_question.m */,
				E87F539F184E3EF1002019DF /* ViewController.h */,
				E87F53A0184E3EF1002019DF /* ViewController.m */,
				E87F53A2184E3EF1002019DF /* Images.xcassets */,
				E87F5391184E3EF1002019DF /* Supporting Files */,
			);
			path = "one-stroke_sketch";
			sourceTree = "<group>";
		};
		E87F5391184E3EF1002019DF /* Supporting Files */ = {
			isa = PBXGroup;
			children = (
				E87F5392184E3EF1002019DF /* one-stroke_sketch-Info.plist */,
				E87F5393184E3EF1002019DF /* InfoPlist.strings */,
				E87F5396184E3EF1002019DF /* main.m */,
				E87F5398184E3EF1002019DF /* one-stroke_sketch-Prefix.pch */,
			);
			name = "Supporting Files";
			sourceTree = "<group>";
		};
		E87F53AF184E3EF2002019DF /* one-stroke_sketchTests */ = {
			isa = PBXGroup;
			children = (
				E87F53B5184E3EF2002019DF /* one_stroke_sketchTests.m */,
				E87F53B0184E3EF2002019DF /* Supporting Files */,
			);
			path = "one-stroke_sketchTests";
			sourceTree = "<group>";
		};
		E87F53B0184E3EF2002019DF /* Supporting Files */ = {
			isa = PBXGroup;
			children = (
				E87F53B1184E3EF2002019DF /* one-stroke_sketchTests-Info.plist */,
				E87F53B2184E3EF2002019DF /* InfoPlist.strings */,
			);
			name = "Supporting Files";
			sourceTree = "<group>";
		};
/* End PBXGroup section */

/* Begin PBXNativeTarget section */
		E87F5386184E3EF1002019DF /* one-stroke_sketch */ = {
			isa = PBXNativeTarget;
			buildConfigurationList = E87F53B9184E3EF2002019DF /* Build configuration list for PBXNativeTarget "one-stroke_sketch" */;
			buildPhases = (
				E87F5383184E3EF1002019DF /* Sources */,
				E87F5384184E3EF1002019DF /* Frameworks */,
				E87F5385184E3EF1002019DF /* Resources */,
			);
			buildRules = (
			);
			dependencies = (
			);
			name = "one-stroke_sketch";
			productName = "one-stroke_sketch";
			productReference = E87F5387184E3EF1002019DF /* one-stroke_sketch.app */;
			productType = "com.apple.product-type.application";
		};
		E87F53A7184E3EF2002019DF /* one-stroke_sketchTests */ = {
			isa = PBXNativeTarget;
			buildConfigurationList = E87F53BC184E3EF2002019DF /* Build configuration list for PBXNativeTarget "one-stroke_sketchTests" */;
			buildPhases = (
				E87F53A4184E3EF2002019DF /* Sources */,
				E87F53A5184E3EF2002019DF /* Frameworks */,
				E87F53A6184E3EF2002019DF /* Resources */,
			);
			buildRules = (
			);
			dependencies = (
				E87F53AE184E3EF2002019DF /* PBXTargetDependency */,
			);
			name = "one-stroke_sketchTests";
			productName = "one-stroke_sketchTests";
			productReference = E87F53A8184E3EF2002019DF /* one-stroke_sketchTests.xctest */;
			productType = "com.apple.product-type.bundle.unit-test";
		};
/* End PBXNativeTarget section */

/* Begin PBXProject section */
		E87F537F184E3EF1002019DF /* Project object */ = {
			isa = PBXProject;
			attributes = {
				LastUpgradeCheck = 0500;
				ORGANIZATIONNAME = "Shin,ichi  Uehara";
				TargetAttributes = {
					E87F53A7184E3EF2002019DF = {
						TestTargetID = E87F5386184E3EF1002019DF;
					};
				};
			};
			buildConfigurationList = E87F5382184E3EF1002019DF /* Build configuration list for PBXProject "one-stroke_sketch" */;
			compatibilityVersion = "Xcode 3.2";
			developmentRegion = English;
			hasScannedForEncodings = 0;
			knownRegions = (
				en,
				Base,
			);
			mainGroup = E87F537E184E3EF1002019DF;
			productRefGroup = E87F5388184E3EF1002019DF /* Products */;
			projectDirPath = "";
			projectRoot = "";
			targets = (
				E87F5386184E3EF1002019DF /* one-stroke_sketch */,
				E87F53A7184E3EF2002019DF /* one-stroke_sketchTests */,
			);
		};
/* End PBXProject section */

/* Begin PBXResourcesBuildPhase section */
		E87F5385184E3EF1002019DF /* Resources */ = {
			isa = PBXResourcesBuildPhase;
			buildActionMask = 2147483647;
			files = (
				E87F53A3184E3EF1002019DF /* Images.xcassets in Resources */,
				E87F5395184E3EF1002019DF /* InfoPlist.strings in Resources */,
				E87F539E184E3EF1002019DF /* Main.storyboard in Resources */,
			);
			runOnlyForDeploymentPostprocessing = 0;
		};
		E87F53A6184E3EF2002019DF /* Resources */ = {
			isa = PBXResourcesBuildPhase;
			buildActionMask = 2147483647;
			files = (
				E87F53B4184E3EF2002019DF /* InfoPlist.strings in Resources */,
			);
			runOnlyForDeploymentPostprocessing = 0;
		};
/* End PBXResourcesBuildPhase section */

/* Begin PBXSourcesBuildPhase section */
		E87F5383184E3EF1002019DF /* Sources */ = {
			isa = PBXSourcesBuildPhase;
			buildActionMask = 2147483647;
			files = (
				E87F53C7184E5AFE002019DF /* Line.m in Sources */,
				E87F53CA184F1BC4002019DF /* drawViewController.m in Sources */,
				E87F53A1184E3EF1002019DF /* ViewController.m in Sources */,
				E87F539B184E3EF1002019DF /* AppDelegate.m in Sources */,
				E87F5397184E3EF1002019DF /* main.m in Sources */,
				E87F53D3184F6402002019DF /* draw_question.m in Sources */,
				E87F53D0184F1C95002019DF /* question.m in Sources */,
			);
			runOnlyForDeploymentPostprocessing = 0;
		};
		E87F53A4184E3EF2002019DF /* Sources */ = {
			isa = PBXSourcesBuildPhase;
			buildActionMask = 2147483647;
			files = (
				E87F53B6184E3EF2002019DF /* one_stroke_sketchTests.m in Sources */,
			);
			runOnlyForDeploymentPostprocessing = 0;
		};
/* End PBXSourcesBuildPhase section */

/* Begin PBXTargetDependency section */
		E87F53AE184E3EF2002019DF /* PBXTargetDependency */ = {
			isa = PBXTargetDependency;
			target = E87F5386184E3EF1002019DF /* one-stroke_sketch */;
			targetProxy = E87F53AD184E3EF2002019DF /* PBXContainerItemProxy */;
		};
/* End PBXTargetDependency section */

/* Begin PBXVariantGroup section */
		E87F5393184E3EF1002019DF /* InfoPlist.strings */ = {
			isa = PBXVariantGroup;
			children = (
				E87F5394184E3EF1002019DF /* en */,
			);
			name = InfoPlist.strings;
			sourceTree = "<group>";
		};
		E87F539C184E3EF1002019DF /* Main.storyboard */ = {
			isa = PBXVariantGroup;
			children = (
				E87F539D184E3EF1002019DF /* Base */,
			);
			name = Main.storyboard;
			sourceTree = "<group>";
		};
		E87F53B2184E3EF2002019DF /* InfoPlist.strings */ = {
			isa = PBXVariantGroup;
			children = (
				E87F53B3184E3EF2002019DF /* en */,
			);
			name = InfoPlist.strings;
			sourceTree = "<group>";
		};
/* End PBXVariantGroup section */

/* Begin XCBuildConfiguration section */
		E87F53B7184E3EF2002019DF /* Debug */ = {
			isa = XCBuildConfiguration;
			buildSettings = {
				ALWAYS_SEARCH_USER_PATHS = NO;
				ARCHS = "$(ARCHS_STANDARD_INCLUDING_64_BIT)";
				CLANG_CXX_LANGUAGE_STANDARD = "gnu++0x";
				CLANG_CXX_LIBRARY = "libc++";
				CLANG_ENABLE_MODULES = YES;
				CLANG_ENABLE_OBJC_ARC = YES;
				CLANG_WARN_BOOL_CONVERSION = YES;
				CLANG_WARN_CONSTANT_CONVERSION = YES;
				CLANG_WARN_DIRECT_OBJC_ISA_USAGE = YES_ERROR;
				CLANG_WARN_EMPTY_BODY = YES;
				CLANG_WARN_ENUM_CONVERSION = YES;
				CLANG_WARN_INT_CONVERSION = YES;
				CLANG_WARN_OBJC_ROOT_CLASS = YES_ERROR;
				CLANG_WARN__DUPLICATE_METHOD_MATCH = YES;
				"CODE_SIGN_IDENTITY[sdk=iphoneos*]" = "iPhone Developer";
				COPY_PHASE_STRIP = NO;
				GCC_C_LANGUAGE_STANDARD = gnu99;
				GCC_DYNAMIC_NO_PIC = NO;
				GCC_OPTIMIZATION_LEVEL = 0;
				GCC_PREPROCESSOR_DEFINITIONS = (
					"DEBUG=1",
					"$(inherited)",
				);
				GCC_SYMBOLS_PRIVATE_EXTERN = NO;
				GCC_WARN_64_TO_32_BIT_CONVERSION = YES;
				GCC_WARN_ABOUT_RETURN_TYPE = YES_ERROR;
				GCC_WARN_UNDECLARED_SELECTOR = YES;
				GCC_WARN_UNINITIALIZED_AUTOS = YES;
				GCC_WARN_UNUSED_FUNCTION = YES;
				GCC_WARN_UNUSED_VARIABLE = YES;
				IPHONEOS_DEPLOYMENT_TARGET = 7.0;
				ONLY_ACTIVE_ARCH = YES;
				SDKROOT = iphoneos;
			};
			name = Debug;
		};
		E87F53B8184E3EF2002019DF /* Release */ = {
			isa = XCBuildConfiguration;
			buildSettings = {
				ALWAYS_SEARCH_USER_PATHS = NO;
				ARCHS = "$(ARCHS_STANDARD_INCLUDING_64_BIT)";
				CLANG_CXX_LANGUAGE_STANDARD = "gnu++0x";
				CLANG_CXX_LIBRARY = "libc++";
				CLANG_ENABLE_MODULES = YES;
				CLANG_ENABLE_OBJC_ARC = YES;
				CLANG_WARN_BOOL_CONVERSION = YES;
				CLANG_WARN_CONSTANT_CONVERSION = YES;
				CLANG_WARN_DIRECT_OBJC_ISA_USAGE = YES_ERROR;
				CLANG_WARN_EMPTY_BODY = YES;
				CLANG_WARN_ENUM_CONVERSION = YES;
				CLANG_WARN_INT_CONVERSION = YES;
				CLANG_WARN_OBJC_ROOT_CLASS = YES_ERROR;
				CLANG_WARN__DUPLICATE_METHOD_MATCH = YES;
				"CODE_SIGN_IDENTITY[sdk=iphoneos*]" = "iPhone Developer";
				COPY_PHASE_STRIP = YES;
				ENABLE_NS_ASSERTIONS = NO;
				GCC_C_LANGUAGE_STANDARD = gnu99;
				GCC_WARN_64_TO_32_BIT_CONVERSION = YES;
				GCC_WARN_ABOUT_RETURN_TYPE = YES_ERROR;
				GCC_WARN_UNDECLARED_SELECTOR = YES;
				GCC_WARN_UNINITIALIZED_AUTOS = YES;
				GCC_WARN_UNUSED_FUNCTION = YES;
				GCC_WARN_UNUSED_VARIABLE = YES;
				IPHONEOS_DEPLOYMENT_TARGET = 7.0;
				SDKROOT = iphoneos;
				VALIDATE_PRODUCT = YES;
			};
			name = Release;
		};
		E87F53BA184E3EF2002019DF /* Debug */ = {
			isa = XCBuildConfiguration;
			buildSettings = {
				ASSETCATALOG_COMPILER_APPICON_NAME = AppIcon;
				ASSETCATALOG_COMPILER_LAUNCHIMAGE_NAME = LaunchImage;
				GCC_PRECOMPILE_PREFIX_HEADER = YES;
				GCC_PREFIX_HEADER = "one-stroke_sketch/one-stroke_sketch-Prefix.pch";
				INFOPLIST_FILE = "one-stroke_sketch/one-stroke_sketch-Info.plist";
				PRODUCT_NAME = "$(TARGET_NAME)";
				WRAPPER_EXTENSION = app;
			};
			name = Debug;
		};
		E87F53BB184E3EF2002019DF /* Release */ = {
			isa = XCBuildConfiguration;
			buildSettings = {
				ASSETCATALOG_COMPILER_APPICON_NAME = AppIcon;
				ASSETCATALOG_COMPILER_LAUNCHIMAGE_NAME = LaunchImage;
				GCC_PRECOMPILE_PREFIX_HEADER = YES;
				GCC_PREFIX_HEADER = "one-stroke_sketch/one-stroke_sketch-Prefix.pch";
				INFOPLIST_FILE = "one-stroke_sketch/one-stroke_sketch-Info.plist";
				PRODUCT_NAME = "$(TARGET_NAME)";
				WRAPPER_EXTENSION = app;
			};
			name = Release;
		};
		E87F53BD184E3EF2002019DF /* Debug */ = {
			isa = XCBuildConfiguration;
			buildSettings = {
				ARCHS = "$(ARCHS_STANDARD_INCLUDING_64_BIT)";
				BUNDLE_LOADER = "$(BUILT_PRODUCTS_DIR)/one-stroke_sketch.app/one-stroke_sketch";
				FRAMEWORK_SEARCH_PATHS = (
					"$(SDKROOT)/Developer/Library/Frameworks",
					"$(inherited)",
					"$(DEVELOPER_FRAMEWORKS_DIR)",
				);
				GCC_PRECOMPILE_PREFIX_HEADER = YES;
				GCC_PREFIX_HEADER = "one-stroke_sketch/one-stroke_sketch-Prefix.pch";
				GCC_PREPROCESSOR_DEFINITIONS = (
					"DEBUG=1",
					"$(inherited)",
				);
				INFOPLIST_FILE = "one-stroke_sketchTests/one-stroke_sketchTests-Info.plist";
				PRODUCT_NAME = "$(TARGET_NAME)";
				TEST_HOST = "$(BUNDLE_LOADER)";
				WRAPPER_EXTENSION = xctest;
			};
			name = Debug;
		};
		E87F53BE184E3EF2002019DF /* Release */ = {
			isa = XCBuildConfiguration;
			buildSettings = {
				ARCHS = "$(ARCHS_STANDARD_INCLUDING_64_BIT)";
				BUNDLE_LOADER = "$(BUILT_PRODUCTS_DIR)/one-stroke_sketch.app/one-stroke_sketch";
				FRAMEWORK_SEARCH_PATHS = (
					"$(SDKROOT)/Developer/Library/Frameworks",
					"$(inherited)",
					"$(DEVELOPER_FRAMEWORKS_DIR)",
				);
				GCC_PRECOMPILE_PREFIX_HEADER = YES;
				GCC_PREFIX_HEADER = "one-stroke_sketch/one-stroke_sketch-Prefix.pch";
				INFOPLIST_FILE = "one-stroke_sketchTests/one-stroke_sketchTests-Info.plist";
				PRODUCT_NAME = "$(TARGET_NAME)";
				TEST_HOST = "$(BUNDLE_LOADER)";
				WRAPPER_EXTENSION = xctest;
			};
			name = Release;
		};
/* End XCBuildConfiguration section */

/* Begin XCConfigurationList section */
		E87F5382184E3EF1002019DF /* Build configuration list for PBXProject "one-stroke_sketch" */ = {
			isa = XCConfigurationList;
			buildConfigurations = (
				E87F53B7184E3EF2002019DF /* Debug */,
				E87F53B8184E3EF2002019DF /* Release */,
			);
			defaultConfigurationIsVisible = 0;
			defaultConfigurationName = Release;
		};
		E87F53B9184E3EF2002019DF /* Build configuration list for PBXNativeTarget "one-stroke_sketch" */ = {
			isa = XCConfigurationList;
			buildConfigurations = (
				E87F53BA184E3EF2002019DF /* Debug */,
				E87F53BB184E3EF2002019DF /* Release */,
			);
			defaultConfigurationIsVisible = 0;
		};
		E87F53BC184E3EF2002019DF /* Build configuration list for PBXNativeTarget "one-stroke_sketchTests" */ = {
			isa = XCConfigurationList;
			buildConfigurations = (
				E87F53BD184E3EF2002019DF /* Debug */,
				E87F53BE184E3EF2002019DF /* Release */,
			);
			defaultConfigurationIsVisible = 0;
		};
/* End XCConfigurationList section */
	};
	rootObject = E87F537F184E3EF1002019DF /* Project object */;
}
